// !$*UTF8*$!
{
	archiveVersion = 1;
	classes = {
	};
	objectVersion = 48;
	objects = {

/* Begin PBXBuildFile section */
		7CAC194E2067F21300B38ACE /* AppDelegate.swift in Sources */ = {isa = PBXBuildFile; fileRef = 7CAC194D2067F21300B38ACE /* AppDelegate.swift */; };
		7CAC19532067F21300B38ACE /* Main.storyboard in Resources */ = {isa = PBXBuildFile; fileRef = 7CAC19512067F21300B38ACE /* Main.storyboard */; };
		7CAC19552067F21300B38ACE /* Assets.xcassets in Resources */ = {isa = PBXBuildFile; fileRef = 7CAC19542067F21300B38ACE /* Assets.xcassets */; };
		7CAC19582067F21300B38ACE /* LaunchScreen.storyboard in Resources */ = {isa = PBXBuildFile; fileRef = 7CAC19562067F21300B38ACE /* LaunchScreen.storyboard */; };
		950D6631206C66C9007E99C2 /* NotificationsConfigurator.swift in Sources */ = {isa = PBXBuildFile; fileRef = 950D6630206C66C9007E99C2 /* NotificationsConfigurator.swift */; };
		950D6635206C66D0007E99C2 /* NotificationsPresenter.swift in Sources */ = {isa = PBXBuildFile; fileRef = 950D6633206C66D0007E99C2 /* NotificationsPresenter.swift */; };
		950D6636206C66D0007E99C2 /* NotificationsPresenterImplementation.swift in Sources */ = {isa = PBXBuildFile; fileRef = 950D6634206C66D0007E99C2 /* NotificationsPresenterImplementation.swift */; };
		950D663A206C66D6007E99C2 /* NotificationsView.swift in Sources */ = {isa = PBXBuildFile; fileRef = 950D6638206C66D6007E99C2 /* NotificationsView.swift */; };
		950D663B206C66D6007E99C2 /* NotificationsViewController.swift in Sources */ = {isa = PBXBuildFile; fileRef = 950D6639206C66D6007E99C2 /* NotificationsViewController.swift */; };
		950D663F206C66DC007E99C2 /* DBManagerImplementation.swift in Sources */ = {isa = PBXBuildFile; fileRef = 950D663D206C66DC007E99C2 /* DBManagerImplementation.swift */; };
		950D6640206C66DC007E99C2 /* DBManager.swift in Sources */ = {isa = PBXBuildFile; fileRef = 950D663E206C66DC007E99C2 /* DBManager.swift */; };
		950D6643206C66E1007E99C2 /* NotificationModel.swift in Sources */ = {isa = PBXBuildFile; fileRef = 950D6642206C66E1007E99C2 /* NotificationModel.swift */; };
		950D6647206C66E7007E99C2 /* NotificationTableViewCell.xib in Resources */ = {isa = PBXBuildFile; fileRef = 950D6645206C66E7007E99C2 /* NotificationTableViewCell.xib */; };
		950D6648206C66E7007E99C2 /* NotificationTableViewCell.swift in Sources */ = {isa = PBXBuildFile; fileRef = 950D6646206C66E7007E99C2 /* NotificationTableViewCell.swift */; };
		950D664B206C66F2007E99C2 /* NotificationListDataSource.swift in Sources */ = {isa = PBXBuildFile; fileRef = 950D6649206C66F2007E99C2 /* NotificationListDataSource.swift */; };
		950D664C206C66F2007E99C2 /* NotificationsInitializer.swift in Sources */ = {isa = PBXBuildFile; fileRef = 950D664A206C66F2007E99C2 /* NotificationsInitializer.swift */; };
		950D6656206D1171007E99C2 /* NotificationService.swift in Sources */ = {isa = PBXBuildFile; fileRef = 95E2B7212069122600EA2CD2 /* NotificationService.swift */; };
		950D6657206D123E007E99C2 /* NotificationModel.swift in Sources */ = {isa = PBXBuildFile; fileRef = 950D6642206C66E1007E99C2 /* NotificationModel.swift */; };
		950D6658206D1252007E99C2 /* DBManagerImplementation.swift in Sources */ = {isa = PBXBuildFile; fileRef = 950D663D206C66DC007E99C2 /* DBManagerImplementation.swift */; };
		950D6659206D126B007E99C2 /* DBManager.swift in Sources */ = {isa = PBXBuildFile; fileRef = 950D663E206C66DC007E99C2 /* DBManager.swift */; };
		950D665B206D1F3D007E99C2 /* RemoteNotificationManager.swift in Sources */ = {isa = PBXBuildFile; fileRef = 950D665A206D1F3D007E99C2 /* RemoteNotificationManager.swift */; };
		950D665D206D230A007E99C2 /* RemoteNotificationManagerImplementation.swift in Sources */ = {isa = PBXBuildFile; fileRef = 950D665C206D230A007E99C2 /* RemoteNotificationManagerImplementation.swift */; };
		950D6661206D5B90007E99C2 /* ParseNotificationModel.swift in Sources */ = {isa = PBXBuildFile; fileRef = 950D6660206D5B90007E99C2 /* ParseNotificationModel.swift */; };
		95E2B7222069122600EA2CD2 /* NotificationService.swift in Sources */ = {isa = PBXBuildFile; fileRef = 95E2B7212069122600EA2CD2 /* NotificationService.swift */; };
		95E2B7262069122600EA2CD2 /* NotificationService.appex in Embed App Extensions */ = {isa = PBXBuildFile; fileRef = 95E2B71F2069122600EA2CD2 /* NotificationService.appex */; settings = {ATTRIBUTES = (RemoveHeadersOnCopy, ); }; };
		95E2B75520697EF000EA2CD2 /* LastNotificationImagePresenter.swift in Sources */ = {isa = PBXBuildFile; fileRef = 95E2B75420697EF000EA2CD2 /* LastNotificationImagePresenter.swift */; };
		95E2B75C20697F4E00EA2CD2 /* DetailNotificationViewController.swift in Sources */ = {isa = PBXBuildFile; fileRef = 95E2B75B20697F4E00EA2CD2 /* DetailNotificationViewController.swift */; };
		95E2B75E20697F5A00EA2CD2 /* DetailNotificationPresenter.swift in Sources */ = {isa = PBXBuildFile; fileRef = 95E2B75D20697F5A00EA2CD2 /* DetailNotificationPresenter.swift */; };
		C3034B20206C37B9000702F3 /* ImageModel.swift in Sources */ = {isa = PBXBuildFile; fileRef = C3034B1F206C37B9000702F3 /* ImageModel.swift */; };
		C3034B24206D3BBF000702F3 /* LastNotificationImagePresenterProtocol.swift in Sources */ = {isa = PBXBuildFile; fileRef = C3034B23206D3BBF000702F3 /* LastNotificationImagePresenterProtocol.swift */; };
		C3034B26206D3BF7000702F3 /* LastNotificationImageViewControllerProtocol.swift in Sources */ = {isa = PBXBuildFile; fileRef = C3034B25206D3BF7000702F3 /* LastNotificationImageViewControllerProtocol.swift */; };
		C3034B2B206D3C5E000702F3 /* LastNotificationConfigurator.swift in Sources */ = {isa = PBXBuildFile; fileRef = C3034B2A206D3C5E000702F3 /* LastNotificationConfigurator.swift */; };
		C3034B2D206D3C78000702F3 /* LastNotificationInitializer.swift in Sources */ = {isa = PBXBuildFile; fileRef = C3034B2C206D3C78000702F3 /* LastNotificationInitializer.swift */; };
		C3034B32206D3FDD000702F3 /* ImageManager.swift in Sources */ = {isa = PBXBuildFile; fileRef = C3034B31206D3FDD000702F3 /* ImageManager.swift */; };
		C3034B34206D3FEE000702F3 /* ImageManagerProtocol.swift in Sources */ = {isa = PBXBuildFile; fileRef = C3034B33206D3FEE000702F3 /* ImageManagerProtocol.swift */; };
		C3034B36206D3FFD000702F3 /* ImageManagerDelegate.swift in Sources */ = {isa = PBXBuildFile; fileRef = C3034B35206D3FFD000702F3 /* ImageManagerDelegate.swift */; };
		C3034B3F206D4C42000702F3 /* NotificationModel.swift in Sources */ = {isa = PBXBuildFile; fileRef = C3034B3E206D4C42000702F3 /* NotificationModel.swift */; };
		C3101E1C206C2248004C38A9 /* DetailNotificationViewControllerProtocol.swift in Sources */ = {isa = PBXBuildFile; fileRef = C3101E1B206C2248004C38A9 /* DetailNotificationViewControllerProtocol.swift */; };
		C3101E1F206C2450004C38A9 /* DetailNotificationPresenterProtocol.swift in Sources */ = {isa = PBXBuildFile; fileRef = C3101E1E206C2450004C38A9 /* DetailNotificationPresenterProtocol.swift */; };
		C3101E22206C26DE004C38A9 /* DetailNotificationConfigurator.swift in Sources */ = {isa = PBXBuildFile; fileRef = C3101E21206C26DE004C38A9 /* DetailNotificationConfigurator.swift */; };
		C3101E24206C2709004C38A9 /* DetailNotificationInitializer.swift in Sources */ = {isa = PBXBuildFile; fileRef = C3101E23206C2709004C38A9 /* DetailNotificationInitializer.swift */; };
		F8908FB0E2950B778B1E2149 /* Pods_OutSideInsidePushNotifications.framework in Frameworks */ = {isa = PBXBuildFile; fileRef = D26547D68C12F0C3C441A1BA /* Pods_OutSideInsidePushNotifications.framework */; };
/* End PBXBuildFile section */

/* Begin PBXContainerItemProxy section */
		95E2B7242069122600EA2CD2 /* PBXContainerItemProxy */ = {
			isa = PBXContainerItemProxy;
			containerPortal = 7CAC19422067F21300B38ACE /* Project object */;
			proxyType = 1;
			remoteGlobalIDString = 95E2B71E2069122600EA2CD2;
			remoteInfo = NotificationService;
		};
/* End PBXContainerItemProxy section */

/* Begin PBXCopyFilesBuildPhase section */
		95E2B72A2069122600EA2CD2 /* Embed App Extensions */ = {
			isa = PBXCopyFilesBuildPhase;
			buildActionMask = 2147483647;
			dstPath = "";
			dstSubfolderSpec = 13;
			files = (
				95E2B7262069122600EA2CD2 /* NotificationService.appex in Embed App Extensions */,
			);
			name = "Embed App Extensions";
			runOnlyForDeploymentPostprocessing = 0;
		};
/* End PBXCopyFilesBuildPhase section */

/* Begin PBXFileReference section */
		18F1145C330130CD3A0C795C /* Pods-OutSideInsidePushNotifications.debug.xcconfig */ = {isa = PBXFileReference; includeInIndex = 1; lastKnownFileType = text.xcconfig; name = "Pods-OutSideInsidePushNotifications.debug.xcconfig"; path = "Pods/Target Support Files/Pods-OutSideInsidePushNotifications/Pods-OutSideInsidePushNotifications.debug.xcconfig"; sourceTree = "<group>"; };
		1AE07038A2CB3A5929E01586 /* Pods_NotificationService.framework */ = {isa = PBXFileReference; explicitFileType = wrapper.framework; includeInIndex = 0; path = Pods_NotificationService.framework; sourceTree = BUILT_PRODUCTS_DIR; };
		79D4FF199FA4E3362E9BE30D /* Pods-NotificationService.release.xcconfig */ = {isa = PBXFileReference; includeInIndex = 1; lastKnownFileType = text.xcconfig; name = "Pods-NotificationService.release.xcconfig"; path = "Pods/Target Support Files/Pods-NotificationService/Pods-NotificationService.release.xcconfig"; sourceTree = "<group>"; };
		7CAC194A2067F21300B38ACE /* OutSideInsidePushNotifications.app */ = {isa = PBXFileReference; explicitFileType = wrapper.application; includeInIndex = 0; path = OutSideInsidePushNotifications.app; sourceTree = BUILT_PRODUCTS_DIR; };
		7CAC194D2067F21300B38ACE /* AppDelegate.swift */ = {isa = PBXFileReference; lastKnownFileType = sourcecode.swift; path = AppDelegate.swift; sourceTree = "<group>"; };
		7CAC19522067F21300B38ACE /* Base */ = {isa = PBXFileReference; lastKnownFileType = file.storyboard; name = Base; path = Base.lproj/Main.storyboard; sourceTree = "<group>"; };
		7CAC19542067F21300B38ACE /* Assets.xcassets */ = {isa = PBXFileReference; lastKnownFileType = folder.assetcatalog; path = Assets.xcassets; sourceTree = "<group>"; };
		7CAC19572067F21300B38ACE /* Base */ = {isa = PBXFileReference; lastKnownFileType = file.storyboard; name = Base; path = Base.lproj/LaunchScreen.storyboard; sourceTree = "<group>"; };
		7CAC19592067F21300B38ACE /* Info.plist */ = {isa = PBXFileReference; lastKnownFileType = text.plist.xml; path = Info.plist; sourceTree = "<group>"; };
		7EB41D2C4A36B63F8ACF9FFF /* Pods-NotificationService.debug.xcconfig */ = {isa = PBXFileReference; includeInIndex = 1; lastKnownFileType = text.xcconfig; name = "Pods-NotificationService.debug.xcconfig"; path = "Pods/Target Support Files/Pods-NotificationService/Pods-NotificationService.debug.xcconfig"; sourceTree = "<group>"; };
		950D6630206C66C9007E99C2 /* NotificationsConfigurator.swift */ = {isa = PBXFileReference; fileEncoding = 4; lastKnownFileType = sourcecode.swift; path = NotificationsConfigurator.swift; sourceTree = "<group>"; };
		950D6633206C66D0007E99C2 /* NotificationsPresenter.swift */ = {isa = PBXFileReference; fileEncoding = 4; lastKnownFileType = sourcecode.swift; path = NotificationsPresenter.swift; sourceTree = "<group>"; };
		950D6634206C66D0007E99C2 /* NotificationsPresenterImplementation.swift */ = {isa = PBXFileReference; fileEncoding = 4; lastKnownFileType = sourcecode.swift; path = NotificationsPresenterImplementation.swift; sourceTree = "<group>"; };
		950D6638206C66D6007E99C2 /* NotificationsView.swift */ = {isa = PBXFileReference; fileEncoding = 4; lastKnownFileType = sourcecode.swift; path = NotificationsView.swift; sourceTree = "<group>"; };
		950D6639206C66D6007E99C2 /* NotificationsViewController.swift */ = {isa = PBXFileReference; fileEncoding = 4; lastKnownFileType = sourcecode.swift; path = NotificationsViewController.swift; sourceTree = "<group>"; };
		950D663D206C66DC007E99C2 /* DBManagerImplementation.swift */ = {isa = PBXFileReference; fileEncoding = 4; lastKnownFileType = sourcecode.swift; path = DBManagerImplementation.swift; sourceTree = "<group>"; };
		950D663E206C66DC007E99C2 /* DBManager.swift */ = {isa = PBXFileReference; fileEncoding = 4; lastKnownFileType = sourcecode.swift; path = DBManager.swift; sourceTree = "<group>"; };
		950D6642206C66E1007E99C2 /* NotificationModel.swift */ = {isa = PBXFileReference; fileEncoding = 4; lastKnownFileType = sourcecode.swift; path = NotificationModel.swift; sourceTree = "<group>"; };
		950D6645206C66E7007E99C2 /* NotificationTableViewCell.xib */ = {isa = PBXFileReference; fileEncoding = 4; lastKnownFileType = file.xib; path = NotificationTableViewCell.xib; sourceTree = "<group>"; };
		950D6646206C66E7007E99C2 /* NotificationTableViewCell.swift */ = {isa = PBXFileReference; fileEncoding = 4; lastKnownFileType = sourcecode.swift; path = NotificationTableViewCell.swift; sourceTree = "<group>"; };
		950D6649206C66F2007E99C2 /* NotificationListDataSource.swift */ = {isa = PBXFileReference; fileEncoding = 4; lastKnownFileType = sourcecode.swift; path = NotificationListDataSource.swift; sourceTree = "<group>"; };
		950D664A206C66F2007E99C2 /* NotificationsInitializer.swift */ = {isa = PBXFileReference; fileEncoding = 4; lastKnownFileType = sourcecode.swift; path = NotificationsInitializer.swift; sourceTree = "<group>"; };
		950D664F206C67CE007E99C2 /* Pods_OutSideInsidePushNotifications.framework */ = {isa = PBXFileReference; explicitFileType = wrapper.framework; path = Pods_OutSideInsidePushNotifications.framework; sourceTree = BUILT_PRODUCTS_DIR; };
		950D6651206C67DD007E99C2 /* RealmSwift.framework */ = {isa = PBXFileReference; explicitFileType = wrapper.framework; path = RealmSwift.framework; sourceTree = BUILT_PRODUCTS_DIR; };
		950D665A206D1F3D007E99C2 /* RemoteNotificationManager.swift */ = {isa = PBXFileReference; lastKnownFileType = sourcecode.swift; path = RemoteNotificationManager.swift; sourceTree = "<group>"; };
		950D665C206D230A007E99C2 /* RemoteNotificationManagerImplementation.swift */ = {isa = PBXFileReference; lastKnownFileType = sourcecode.swift; path = RemoteNotificationManagerImplementation.swift; sourceTree = "<group>"; };
		950D6660206D5B90007E99C2 /* ParseNotificationModel.swift */ = {isa = PBXFileReference; lastKnownFileType = sourcecode.swift; path = ParseNotificationModel.swift; sourceTree = "<group>"; };
		95E2B71A2068493900EA2CD2 /* OutSideInsidePushNotifications.entitlements */ = {isa = PBXFileReference; lastKnownFileType = text.plist.entitlements; path = OutSideInsidePushNotifications.entitlements; sourceTree = "<group>"; };
		95E2B71F2069122600EA2CD2 /* NotificationService.appex */ = {isa = PBXFileReference; explicitFileType = "wrapper.app-extension"; includeInIndex = 0; path = NotificationService.appex; sourceTree = BUILT_PRODUCTS_DIR; };
		95E2B7212069122600EA2CD2 /* NotificationService.swift */ = {isa = PBXFileReference; lastKnownFileType = sourcecode.swift; path = NotificationService.swift; sourceTree = "<group>"; };
		95E2B7232069122600EA2CD2 /* Info.plist */ = {isa = PBXFileReference; lastKnownFileType = text.plist.xml; path = Info.plist; sourceTree = "<group>"; };
		95E2B75420697EF000EA2CD2 /* LastNotificationImagePresenter.swift */ = {isa = PBXFileReference; lastKnownFileType = sourcecode.swift; path = LastNotificationImagePresenter.swift; sourceTree = "<group>"; };
		95E2B75B20697F4E00EA2CD2 /* DetailNotificationViewController.swift */ = {isa = PBXFileReference; lastKnownFileType = sourcecode.swift; path = DetailNotificationViewController.swift; sourceTree = "<group>"; };
		95E2B75D20697F5A00EA2CD2 /* DetailNotificationPresenter.swift */ = {isa = PBXFileReference; lastKnownFileType = sourcecode.swift; path = DetailNotificationPresenter.swift; sourceTree = "<group>"; };
		C3034B1F206C37B9000702F3 /* ImageModel.swift */ = {isa = PBXFileReference; lastKnownFileType = sourcecode.swift; path = ImageModel.swift; sourceTree = "<group>"; };
		C3034B23206D3BBF000702F3 /* LastNotificationImagePresenterProtocol.swift */ = {isa = PBXFileReference; lastKnownFileType = sourcecode.swift; path = LastNotificationImagePresenterProtocol.swift; sourceTree = "<group>"; };
		C3034B25206D3BF7000702F3 /* LastNotificationImageViewControllerProtocol.swift */ = {isa = PBXFileReference; lastKnownFileType = sourcecode.swift; path = LastNotificationImageViewControllerProtocol.swift; sourceTree = "<group>"; };
		C3034B2A206D3C5E000702F3 /* LastNotificationConfigurator.swift */ = {isa = PBXFileReference; lastKnownFileType = sourcecode.swift; path = LastNotificationConfigurator.swift; sourceTree = "<group>"; };
		C3034B2C206D3C78000702F3 /* LastNotificationInitializer.swift */ = {isa = PBXFileReference; lastKnownFileType = sourcecode.swift; path = LastNotificationInitializer.swift; sourceTree = "<group>"; };
		C3034B31206D3FDD000702F3 /* ImageManager.swift */ = {isa = PBXFileReference; lastKnownFileType = sourcecode.swift; path = ImageManager.swift; sourceTree = "<group>"; };
		C3034B33206D3FEE000702F3 /* ImageManagerProtocol.swift */ = {isa = PBXFileReference; lastKnownFileType = sourcecode.swift; path = ImageManagerProtocol.swift; sourceTree = "<group>"; };
		C3034B35206D3FFD000702F3 /* ImageManagerDelegate.swift */ = {isa = PBXFileReference; lastKnownFileType = sourcecode.swift; path = ImageManagerDelegate.swift; sourceTree = "<group>"; };
		C3034B3A206D48A9000702F3 /* OutSideInsidePushNotifications-Bridging-Header.h */ = {isa = PBXFileReference; lastKnownFileType = sourcecode.c.h; path = "OutSideInsidePushNotifications-Bridging-Header.h"; sourceTree = "<group>"; };
		C3034B3E206D4C42000702F3 /* NotificationModel.swift */ = {isa = PBXFileReference; lastKnownFileType = sourcecode.swift; path = NotificationModel.swift; sourceTree = "<group>"; };
		C3101E1B206C2248004C38A9 /* DetailNotificationViewControllerProtocol.swift */ = {isa = PBXFileReference; lastKnownFileType = sourcecode.swift; path = DetailNotificationViewControllerProtocol.swift; sourceTree = "<group>"; };
		C3101E1E206C2450004C38A9 /* DetailNotificationPresenterProtocol.swift */ = {isa = PBXFileReference; lastKnownFileType = sourcecode.swift; path = DetailNotificationPresenterProtocol.swift; sourceTree = "<group>"; };
		C3101E21206C26DE004C38A9 /* DetailNotificationConfigurator.swift */ = {isa = PBXFileReference; lastKnownFileType = sourcecode.swift; path = DetailNotificationConfigurator.swift; sourceTree = "<group>"; };
		C3101E23206C2709004C38A9 /* DetailNotificationInitializer.swift */ = {isa = PBXFileReference; lastKnownFileType = sourcecode.swift; path = DetailNotificationInitializer.swift; sourceTree = "<group>"; };
		CAE85DBC93FA5473B2F93E1B /* Pods_NotificationService.framework */ = {isa = PBXFileReference; explicitFileType = wrapper.framework; includeInIndex = 0; path = Pods_NotificationService.framework; sourceTree = BUILT_PRODUCTS_DIR; };
		D26547D68C12F0C3C441A1BA /* Pods_OutSideInsidePushNotifications.framework */ = {isa = PBXFileReference; explicitFileType = wrapper.framework; includeInIndex = 0; path = Pods_OutSideInsidePushNotifications.framework; sourceTree = BUILT_PRODUCTS_DIR; };
/* End PBXFileReference section */

/* Begin PBXFrameworksBuildPhase section */
		7CAC19472067F21300B38ACE /* Frameworks */ = {
			isa = PBXFrameworksBuildPhase;
			buildActionMask = 2147483647;
			files = (
				F8908FB0E2950B778B1E2149 /* Pods_OutSideInsidePushNotifications.framework in Frameworks */,
			);
			runOnlyForDeploymentPostprocessing = 0;
		};
		95E2B71C2069122600EA2CD2 /* Frameworks */ = {
			isa = PBXFrameworksBuildPhase;
			buildActionMask = 2147483647;
			files = (
				87930AA44F9BA090E484A0A1 /* Pods_NotificationService.framework in Frameworks */,
			);
			runOnlyForDeploymentPostprocessing = 0;
		};
/* End PBXFrameworksBuildPhase section */

/* Begin PBXGroup section */
		2FB28AF50595DA39B860964D /* Pods */ = {
			isa = PBXGroup;
			children = (
				7EB41D2C4A36B63F8ACF9FFF /* Pods-NotificationService.debug.xcconfig */,
				79D4FF199FA4E3362E9BE30D /* Pods-NotificationService.release.xcconfig */,
				18F1145C330130CD3A0C795C /* Pods-OutSideInsidePushNotifications.debug.xcconfig */,
			);
			name = Pods;
			sourceTree = "<group>";
		};
		7CAC19412067F21300B38ACE = {
			isa = PBXGroup;
			children = (
				7CAC194C2067F21300B38ACE /* OutSideInsidePushNotifications */,
				95E2B7202069122600EA2CD2 /* NotificationService */,
				7CAC194B2067F21300B38ACE /* Products */,
				950D664D206C67CE007E99C2 /* Frameworks */,
				2FB28AF50595DA39B860964D /* Pods */,
			);
			sourceTree = "<group>";
		};
		7CAC194B2067F21300B38ACE /* Products */ = {
			isa = PBXGroup;
			children = (
				7CAC194A2067F21300B38ACE /* OutSideInsidePushNotifications.app */,
				95E2B71F2069122600EA2CD2 /* NotificationService.appex */,
			);
			name = Products;
			sourceTree = "<group>";
		};
		7CAC194C2067F21300B38ACE /* OutSideInsidePushNotifications */ = {
			isa = PBXGroup;
			children = (
				C3034B2F206D3FB9000702F3 /* Managers */,
				C3034B2E206D3F9A000702F3 /* Model */,
				95E2B74F20697E9600EA2CD2 /* Scenes */,
				C3101E1D206C2367004C38A9 /* Common */,
				C3034B3A206D48A9000702F3 /* OutSideInsidePushNotifications-Bridging-Header.h */,
			);
			path = OutSideInsidePushNotifications;
			sourceTree = "<group>";
		};
		950D662F206C66C9007E99C2 /* Configurator */ = {
			isa = PBXGroup;
			children = (
				950D664A206C66F2007E99C2 /* NotificationsInitializer.swift */,
				950D6630206C66C9007E99C2 /* NotificationsConfigurator.swift */,
			);
			path = Configurator;
			sourceTree = "<group>";
		};
		950D6632206C66D0007E99C2 /* Presenter */ = {
			isa = PBXGroup;
			children = (
				950D6633206C66D0007E99C2 /* NotificationsPresenter.swift */,
				950D6634206C66D0007E99C2 /* NotificationsPresenterImplementation.swift */,
			);
			path = Presenter;
			sourceTree = "<group>";
		};
		950D6637206C66D6007E99C2 /* View */ = {
			isa = PBXGroup;
			children = (
				950D6638206C66D6007E99C2 /* NotificationsView.swift */,
				950D6639206C66D6007E99C2 /* NotificationsViewController.swift */,
			);
			path = View;
			sourceTree = "<group>";
		};
		950D663C206C66DC007E99C2 /* DBManager */ = {
			isa = PBXGroup;
			children = (
				950D663D206C66DC007E99C2 /* DBManagerImplementation.swift */,
				950D663E206C66DC007E99C2 /* DBManager.swift */,
			);
			path = DBManager;
			sourceTree = "<group>";
		};
		950D6641206C66E1007E99C2 /* Models */ = {
			isa = PBXGroup;
			children = (
				950D6642206C66E1007E99C2 /* NotificationModel.swift */,
				950D6660206D5B90007E99C2 /* ParseNotificationModel.swift */,
			);
			path = Models;
			sourceTree = "<group>";
		};
		950D6644206C66E7007E99C2 /* CustomTableViewCells */ = {
			isa = PBXGroup;
			children = (
				950D6645206C66E7007E99C2 /* NotificationTableViewCell.xib */,
				950D6646206C66E7007E99C2 /* NotificationTableViewCell.swift */,
			);
			path = CustomTableViewCells;
			sourceTree = "<group>";
		};
		950D664D206C67CE007E99C2 /* Frameworks */ = {
			isa = PBXGroup;
			children = (
				950D6651206C67DD007E99C2 /* RealmSwift.framework */,
				950D664F206C67CE007E99C2 /* Pods_OutSideInsidePushNotifications.framework */,
				1AE07038A2CB3A5929E01586 /* Pods_NotificationService.framework */,
			);
			name = Frameworks;
			sourceTree = "<group>";
		};
		950D665E206D5B17007E99C2 /* RemoteNotificationManager */ = {
			isa = PBXGroup;
			children = (
				950D665A206D1F3D007E99C2 /* RemoteNotificationManager.swift */,
				950D665C206D230A007E99C2 /* RemoteNotificationManagerImplementation.swift */,
			);
			path = RemoteNotificationManager;
			sourceTree = "<group>";
		};
		950D665F206D5B29007E99C2 /* NotificationDataSource */ = {
			isa = PBXGroup;
			children = (
				950D6649206C66F2007E99C2 /* NotificationListDataSource.swift */,
			);
			path = NotificationDataSource;
			sourceTree = "<group>";
		};
		950D6662206D77F0007E99C2 /* Common */ = {
			isa = PBXGroup;
			children = (
				95E2B71A2068493900EA2CD2 /* OutSideInsidePushNotifications.entitlements */,
				7CAC194D2067F21300B38ACE /* AppDelegate.swift */,
				7CAC19512067F21300B38ACE /* Main.storyboard */,
				7CAC19542067F21300B38ACE /* Assets.xcassets */,
				7CAC19562067F21300B38ACE /* LaunchScreen.storyboard */,
				7CAC19592067F21300B38ACE /* Info.plist */,
			);
			path = Common;
			sourceTree = "<group>";
		};
		95E2B7202069122600EA2CD2 /* NotificationService */ = {
			isa = PBXGroup;
			children = (
				95E2B7212069122600EA2CD2 /* NotificationService.swift */,
				95E2B7232069122600EA2CD2 /* Info.plist */,
			);
			path = NotificationService;
			sourceTree = "<group>";
		};
		95E2B74F20697E9600EA2CD2 /* Scenes */ = {
			isa = PBXGroup;
			children = (
				95E2B75A20697F3600EA2CD2 /* DetailNotificatonScene */,
				95E2B75120697EB800EA2CD2 /* NotificationsScene */,
				95E2B75020697EAA00EA2CD2 /* LastNotificationScene */,
			);
			path = Scenes;
			sourceTree = "<group>";
		};
		95E2B75020697EAA00EA2CD2 /* LastNotificationScene */ = {
			isa = PBXGroup;
			children = (
				C3034B29206D3C30000702F3 /* Configurator */,
				C3034B28206D3C18000702F3 /* Presenter */,
				C3034B27206D3C06000702F3 /* View */,
			);
			path = LastNotificationScene;
			sourceTree = "<group>";
		};
		95E2B75120697EB800EA2CD2 /* NotificationsScene */ = {
			isa = PBXGroup;
			children = (
				950D665F206D5B29007E99C2 /* NotificationDataSource */,
				950D665E206D5B17007E99C2 /* RemoteNotificationManager */,
				950D6644206C66E7007E99C2 /* CustomTableViewCells */,
				950D6641206C66E1007E99C2 /* Models */,
				950D663C206C66DC007E99C2 /* DBManager */,
				950D6637206C66D6007E99C2 /* View */,
				950D6632206C66D0007E99C2 /* Presenter */,
				950D662F206C66C9007E99C2 /* Configurator */,
			);
			path = NotificationsScene;
			sourceTree = "<group>";
		};
		95E2B75A20697F3600EA2CD2 /* DetailNotificatonScene */ = {
			isa = PBXGroup;
			children = (
				C3101E26206C275F004C38A9 /* View */,
				C3101E25206C274B004C38A9 /* Presenter */,
				C3101E20206C26C2004C38A9 /* Configurator */,
			);
			path = DetailNotificatonScene;
			sourceTree = "<group>";
		};
		C3034B27206D3C06000702F3 /* View */ = {
			isa = PBXGroup;
			children = (
				95E2B75220697EE000EA2CD2 /* LastNotificationImageViewController.swift */,
				C3034B25206D3BF7000702F3 /* LastNotificationImageViewControllerProtocol.swift */,
			);
			path = View;
			sourceTree = "<group>";
		};
		C3034B28206D3C18000702F3 /* Presenter */ = {
			isa = PBXGroup;
			children = (
				C3034B23206D3BBF000702F3 /* LastNotificationImagePresenterProtocol.swift */,
				95E2B75420697EF000EA2CD2 /* LastNotificationImagePresenter.swift */,
			);
			path = Presenter;
			sourceTree = "<group>";
		};
		C3034B29206D3C30000702F3 /* Configurator */ = {
			isa = PBXGroup;
			children = (
				C3034B2A206D3C5E000702F3 /* LastNotificationConfigurator.swift */,
				C3034B2C206D3C78000702F3 /* LastNotificationInitializer.swift */,
			);
			path = Configurator;
			sourceTree = "<group>";
		};
		C3034B2E206D3F9A000702F3 /* Model */ = {
			isa = PBXGroup;
			children = (
				C3034B1F206C37B9000702F3 /* ImageModel.swift */,
				C3034B3E206D4C42000702F3 /* NotificationModel.swift */,
			);
			path = Model;
			sourceTree = "<group>";
		};
		C3034B2F206D3FB9000702F3 /* Managers */ = {
			isa = PBXGroup;
			children = (
				C3034B30206D3FC3000702F3 /* ImageManager */,
			);
			path = Managers;
			sourceTree = "<group>";
		};
		C3034B30206D3FC3000702F3 /* ImageManager */ = {
			isa = PBXGroup;
			children = (
				C3034B31206D3FDD000702F3 /* ImageManager.swift */,
				C3034B33206D3FEE000702F3 /* ImageManagerProtocol.swift */,
				C3034B35206D3FFD000702F3 /* ImageManagerDelegate.swift */,
			);
			path = ImageManager;
			sourceTree = "<group>";
		};
		C3101E1D206C2367004C38A9 /* Common */ = {
			isa = PBXGroup;
			children = (
				7CAC19592067F21300B38ACE /* Info.plist */,
				95E2B71A2068493900EA2CD2 /* OutSideInsidePushNotifications.entitlements */,
				7CAC194D2067F21300B38ACE /* AppDelegate.swift */,
				7CAC19512067F21300B38ACE /* Main.storyboard */,
				7CAC19542067F21300B38ACE /* Assets.xcassets */,
				7CAC19562067F21300B38ACE /* LaunchScreen.storyboard */,
			);
			path = Common;
			sourceTree = "<group>";
		};
		C3101E20206C26C2004C38A9 /* Configurator */ = {
			isa = PBXGroup;
			children = (
				C3101E21206C26DE004C38A9 /* DetailNotificationConfigurator.swift */,
				C3101E23206C2709004C38A9 /* DetailNotificationInitializer.swift */,
			);
			path = Configurator;
			sourceTree = "<group>";
		};
		C3101E25206C274B004C38A9 /* Presenter */ = {
			isa = PBXGroup;
			children = (
				95E2B75D20697F5A00EA2CD2 /* DetailNotificationPresenter.swift */,
				C3101E1E206C2450004C38A9 /* DetailNotificationPresenterProtocol.swift */,
			);
			path = Presenter;
			sourceTree = "<group>";
		};
		C3101E26206C275F004C38A9 /* View */ = {
			isa = PBXGroup;
			children = (
				C3101E1B206C2248004C38A9 /* DetailNotificationViewControllerProtocol.swift */,
				95E2B75B20697F4E00EA2CD2 /* DetailNotificationViewController.swift */,
			);
			path = View;
			sourceTree = "<group>";
		};
/* End PBXGroup section */

/* Begin PBXNativeTarget section */
		7CAC19492067F21300B38ACE /* OutSideInsidePushNotifications */ = {
			isa = PBXNativeTarget;
			buildConfigurationList = 7CAC195C2067F21300B38ACE /* Build configuration list for PBXNativeTarget "OutSideInsidePushNotifications" */;
			buildPhases = (
				780783E36C474BB61A7A07E2 /* [CP] Check Pods Manifest.lock */,
				7CAC19462067F21300B38ACE /* Sources */,
				7CAC19472067F21300B38ACE /* Frameworks */,
				7CAC19482067F21300B38ACE /* Resources */,
				95E2B72A2069122600EA2CD2 /* Embed App Extensions */,
				FE74F467B6BEE702177E399D /* [CP] Embed Pods Frameworks */,
				87ECFD01B6EFA637F949D7FC /* [CP] Copy Pods Resources */,
			);
			buildRules = (
			);
			dependencies = (
				95E2B7252069122600EA2CD2 /* PBXTargetDependency */,
			);
			name = OutSideInsidePushNotifications;
			productName = OutSideInsidePushNotifications;
			productReference = 7CAC194A2067F21300B38ACE /* OutSideInsidePushNotifications.app */;
			productType = "com.apple.product-type.application";
		};
		95E2B71E2069122600EA2CD2 /* NotificationService */ = {
			isa = PBXNativeTarget;
			buildConfigurationList = 95E2B7292069122600EA2CD2 /* Build configuration list for PBXNativeTarget "NotificationService" */;
			buildPhases = (
				595A11115CDCAD25FC63A489 /* [CP] Check Pods Manifest.lock */,
				95E2B71B2069122600EA2CD2 /* Sources */,
				95E2B71C2069122600EA2CD2 /* Frameworks */,
				95E2B71D2069122600EA2CD2 /* Resources */,
				487782AB1AF7FD625F7B46CC /* [CP] Copy Pods Resources */,
			);
			buildRules = (
			);
			dependencies = (
			);
			name = NotificationService;
			productName = NotificationService;
			productReference = 95E2B71F2069122600EA2CD2 /* NotificationService.appex */;
			productType = "com.apple.product-type.app-extension";
		};
/* End PBXNativeTarget section */

/* Begin PBXProject section */
		7CAC19422067F21300B38ACE /* Project object */ = {
			isa = PBXProject;
			attributes = {
				LastSwiftUpdateCheck = 0920;
				LastUpgradeCheck = 0920;
				ORGANIZATIONNAME = iOSLab;
				TargetAttributes = {
					7CAC19492067F21300B38ACE = {
						CreatedOnToolsVersion = 9.2;
						LastSwiftMigration = 0920;
						ProvisioningStyle = Manual;
						SystemCapabilities = {
							com.apple.BackgroundModes = {
								enabled = 1;
							};
							com.apple.Push = {
								enabled = 1;
							};
						};
					};
					95E2B71E2069122600EA2CD2 = {
						CreatedOnToolsVersion = 9.2;
						ProvisioningStyle = Automatic;
					};
				};
			};
			buildConfigurationList = 7CAC19452067F21300B38ACE /* Build configuration list for PBXProject "OutSideInsidePushNotifications" */;
			compatibilityVersion = "Xcode 8.0";
			developmentRegion = en;
			hasScannedForEncodings = 0;
			knownRegions = (
				en,
				Base,
			);
			mainGroup = 7CAC19412067F21300B38ACE;
			productRefGroup = 7CAC194B2067F21300B38ACE /* Products */;
			projectDirPath = "";
			projectRoot = "";
			targets = (
				7CAC19492067F21300B38ACE /* OutSideInsidePushNotifications */,
				95E2B71E2069122600EA2CD2 /* NotificationService */,
			);
		};
/* End PBXProject section */

/* Begin PBXResourcesBuildPhase section */
		7CAC19482067F21300B38ACE /* Resources */ = {
			isa = PBXResourcesBuildPhase;
			buildActionMask = 2147483647;
			files = (
				950D6647206C66E7007E99C2 /* NotificationTableViewCell.xib in Resources */,
				7CAC19582067F21300B38ACE /* LaunchScreen.storyboard in Resources */,
				7CAC19552067F21300B38ACE /* Assets.xcassets in Resources */,
				7CAC19532067F21300B38ACE /* Main.storyboard in Resources */,
			);
			runOnlyForDeploymentPostprocessing = 0;
		};
		95E2B71D2069122600EA2CD2 /* Resources */ = {
			isa = PBXResourcesBuildPhase;
			buildActionMask = 2147483647;
			files = (
			);
			runOnlyForDeploymentPostprocessing = 0;
		};
/* End PBXResourcesBuildPhase section */

/* Begin PBXShellScriptBuildPhase section */
		487782AB1AF7FD625F7B46CC /* [CP] Copy Pods Resources */ = {
			isa = PBXShellScriptBuildPhase;
			buildActionMask = 2147483647;
			files = (
			);
			inputPaths = (
			);
			name = "[CP] Copy Pods Resources";
			outputPaths = (
			);
			runOnlyForDeploymentPostprocessing = 0;
			shellPath = /bin/sh;
			shellScript = "\"${SRCROOT}/Pods/Target Support Files/Pods-NotificationService/Pods-NotificationService-resources.sh\"\n";
			showEnvVarsInLog = 0;
		};
		595A11115CDCAD25FC63A489 /* [CP] Check Pods Manifest.lock */ = {
			isa = PBXShellScriptBuildPhase;
			buildActionMask = 2147483647;
			files = (
			);
			inputPaths = (
				"${PODS_PODFILE_DIR_PATH}/Podfile.lock",
				"${PODS_ROOT}/Manifest.lock",
			);
			name = "[CP] Check Pods Manifest.lock";
			outputPaths = (
				"$(DERIVED_FILE_DIR)/Pods-NotificationService-checkManifestLockResult.txt",
			);
			runOnlyForDeploymentPostprocessing = 0;
			shellPath = /bin/sh;
			shellScript = "diff \"${PODS_PODFILE_DIR_PATH}/Podfile.lock\" \"${PODS_ROOT}/Manifest.lock\" > /dev/null\nif [ $? != 0 ] ; then\n    # print error to STDERR\n    echo \"error: The sandbox is not in sync with the Podfile.lock. Run 'pod install' or update your CocoaPods installation.\" >&2\n    exit 1\nfi\n# This output is used by Xcode 'outputs' to avoid re-running this script phase.\necho \"SUCCESS\" > \"${SCRIPT_OUTPUT_FILE_0}\"\n";
			showEnvVarsInLog = 0;
		};
		780783E36C474BB61A7A07E2 /* [CP] Check Pods Manifest.lock */ = {
			isa = PBXShellScriptBuildPhase;
			buildActionMask = 2147483647;
			files = (
			);
			inputPaths = (
				"${PODS_PODFILE_DIR_PATH}/Podfile.lock",
				"${PODS_ROOT}/Manifest.lock",
			);
			name = "[CP] Check Pods Manifest.lock";
			outputPaths = (
				"$(DERIVED_FILE_DIR)/Pods-OutSideInsidePushNotifications-checkManifestLockResult.txt",
			);
			runOnlyForDeploymentPostprocessing = 0;
			shellPath = /bin/sh;
			shellScript = "diff \"${PODS_PODFILE_DIR_PATH}/Podfile.lock\" \"${PODS_ROOT}/Manifest.lock\" > /dev/null\nif [ $? != 0 ] ; then\n    # print error to STDERR\n    echo \"error: The sandbox is not in sync with the Podfile.lock. Run 'pod install' or update your CocoaPods installation.\" >&2\n    exit 1\nfi\n# This output is used by Xcode 'outputs' to avoid re-running this script phase.\necho \"SUCCESS\" > \"${SCRIPT_OUTPUT_FILE_0}\"\n";
			showEnvVarsInLog = 0;
		};
		87ECFD01B6EFA637F949D7FC /* [CP] Copy Pods Resources */ = {
			isa = PBXShellScriptBuildPhase;
			buildActionMask = 2147483647;
			files = (
			);
			inputPaths = (
			);
			name = "[CP] Copy Pods Resources";
			outputPaths = (
			);
			runOnlyForDeploymentPostprocessing = 0;
			shellPath = /bin/sh;
			shellScript = "\"${SRCROOT}/Pods/Target Support Files/Pods-OutSideInsidePushNotifications/Pods-OutSideInsidePushNotifications-resources.sh\"\n";
			showEnvVarsInLog = 0;
		};
		FE74F467B6BEE702177E399D /* [CP] Embed Pods Frameworks */ = {
			isa = PBXShellScriptBuildPhase;
			buildActionMask = 2147483647;
			files = (
			);
			inputPaths = (
				"${SRCROOT}/Pods/Target Support Files/Pods-OutSideInsidePushNotifications/Pods-OutSideInsidePushNotifications-frameworks.sh",
				"${BUILT_PRODUCTS_DIR}/Realm/Realm.framework",
				"${BUILT_PRODUCTS_DIR}/RealmSwift/RealmSwift.framework",
				"${BUILT_PRODUCTS_DIR}/SDWebImage/SDWebImage.framework",
				"${BUILT_PRODUCTS_DIR}/libwebp/libwebp.framework",
			);
			name = "[CP] Embed Pods Frameworks";
			outputPaths = (
				"${TARGET_BUILD_DIR}/${FRAMEWORKS_FOLDER_PATH}/Realm.framework",
				"${TARGET_BUILD_DIR}/${FRAMEWORKS_FOLDER_PATH}/RealmSwift.framework",
				"${TARGET_BUILD_DIR}/${FRAMEWORKS_FOLDER_PATH}/SDWebImage.framework",
				"${TARGET_BUILD_DIR}/${FRAMEWORKS_FOLDER_PATH}/libwebp.framework",
			);
			runOnlyForDeploymentPostprocessing = 0;
			shellPath = /bin/sh;
			shellScript = "\"${SRCROOT}/Pods/Target Support Files/Pods-OutSideInsidePushNotifications/Pods-OutSideInsidePushNotifications-frameworks.sh\"\n";
			showEnvVarsInLog = 0;
		};
/* End PBXShellScriptBuildPhase section */

/* Begin PBXSourcesBuildPhase section */
		7CAC19462067F21300B38ACE /* Sources */ = {
			isa = PBXSourcesBuildPhase;
			buildActionMask = 2147483647;
			files = (
				C3034B3F206D4C42000702F3 /* NotificationModel.swift in Sources */,
				C3034B34206D3FEE000702F3 /* ImageManagerProtocol.swift in Sources */,
				C3101E22206C26DE004C38A9 /* DetailNotificationConfigurator.swift in Sources */,
				950D665B206D1F3D007E99C2 /* RemoteNotificationManager.swift in Sources */,
				95E2B75E20697F5A00EA2CD2 /* DetailNotificationPresenter.swift in Sources */,
				95E2B75520697EF000EA2CD2 /* LastNotificationImagePresenter.swift in Sources */,
				C3034B32206D3FDD000702F3 /* ImageManager.swift in Sources */,
				C3034B2D206D3C78000702F3 /* LastNotificationInitializer.swift in Sources */,
				C3034B36206D3FFD000702F3 /* ImageManagerDelegate.swift in Sources */,
				C3034B24206D3BBF000702F3 /* LastNotificationImagePresenterProtocol.swift in Sources */,
				C3101E24206C2709004C38A9 /* DetailNotificationInitializer.swift in Sources */,
				7CAC194E2067F21300B38ACE /* AppDelegate.swift in Sources */,
				950D6643206C66E1007E99C2 /* NotificationModel.swift in Sources */,
				950D6648206C66E7007E99C2 /* NotificationTableViewCell.swift in Sources */,
				950D663B206C66D6007E99C2 /* NotificationsViewController.swift in Sources */,
				950D663A206C66D6007E99C2 /* NotificationsView.swift in Sources */,
				950D6636206C66D0007E99C2 /* NotificationsPresenterImplementation.swift in Sources */,
				950D665D206D230A007E99C2 /* RemoteNotificationManagerImplementation.swift in Sources */,
				95E2B75C20697F4E00EA2CD2 /* DetailNotificationViewController.swift in Sources */,
				C3034B2B206D3C5E000702F3 /* LastNotificationConfigurator.swift in Sources */,
				C3101E1C206C2248004C38A9 /* DetailNotificationViewControllerProtocol.swift in Sources */,
				C3034B20206C37B9000702F3 /* ImageModel.swift in Sources */,
				C3034B26206D3BF7000702F3 /* LastNotificationImageViewControllerProtocol.swift in Sources */,
				95E2B75320697EE000EA2CD2 /* LastNotificationImageViewController.swift in Sources */,
				C3101E1F206C2450004C38A9 /* DetailNotificationPresenterProtocol.swift in Sources */,
				950D6656206D1171007E99C2 /* NotificationService.swift in Sources */,
				950D6635206C66D0007E99C2 /* NotificationsPresenter.swift in Sources */,
				950D6661206D5B90007E99C2 /* ParseNotificationModel.swift in Sources */,
				950D664B206C66F2007E99C2 /* NotificationListDataSource.swift in Sources */,
				950D663F206C66DC007E99C2 /* DBManagerImplementation.swift in Sources */,
				950D664C206C66F2007E99C2 /* NotificationsInitializer.swift in Sources */,
				950D6631206C66C9007E99C2 /* NotificationsConfigurator.swift in Sources */,
				950D6640206C66DC007E99C2 /* DBManager.swift in Sources */,
			);
			runOnlyForDeploymentPostprocessing = 0;
		};
		95E2B71B2069122600EA2CD2 /* Sources */ = {
			isa = PBXSourcesBuildPhase;
			buildActionMask = 2147483647;
			files = (
				950D6657206D123E007E99C2 /* NotificationModel.swift in Sources */,
				950D6658206D1252007E99C2 /* DBManagerImplementation.swift in Sources */,
				95E2B7222069122600EA2CD2 /* NotificationService.swift in Sources */,
				950D6659206D126B007E99C2 /* DBManager.swift in Sources */,
			);
			runOnlyForDeploymentPostprocessing = 0;
		};
/* End PBXSourcesBuildPhase section */

/* Begin PBXTargetDependency section */
		95E2B7252069122600EA2CD2 /* PBXTargetDependency */ = {
			isa = PBXTargetDependency;
			target = 95E2B71E2069122600EA2CD2 /* NotificationService */;
			targetProxy = 95E2B7242069122600EA2CD2 /* PBXContainerItemProxy */;
		};
/* End PBXTargetDependency section */

/* Begin PBXVariantGroup section */
		7CAC19512067F21300B38ACE /* Main.storyboard */ = {
			isa = PBXVariantGroup;
			children = (
				7CAC19522067F21300B38ACE /* Base */,
			);
			name = Main.storyboard;
			sourceTree = "<group>";
		};
		7CAC19562067F21300B38ACE /* LaunchScreen.storyboard */ = {
			isa = PBXVariantGroup;
			children = (
				7CAC19572067F21300B38ACE /* Base */,
			);
			name = LaunchScreen.storyboard;
			sourceTree = "<group>";
		};
/* End PBXVariantGroup section */

/* Begin XCBuildConfiguration section */
		7CAC195A2067F21300B38ACE /* Debug */ = {
			isa = XCBuildConfiguration;
			buildSettings = {
				ALWAYS_SEARCH_USER_PATHS = NO;
				CLANG_ANALYZER_NONNULL = YES;
				CLANG_ANALYZER_NUMBER_OBJECT_CONVERSION = YES_AGGRESSIVE;
				CLANG_CXX_LANGUAGE_STANDARD = "gnu++14";
				CLANG_CXX_LIBRARY = "libc++";
				CLANG_ENABLE_MODULES = YES;
				CLANG_ENABLE_OBJC_ARC = YES;
				CLANG_WARN_BLOCK_CAPTURE_AUTORELEASING = YES;
				CLANG_WARN_BOOL_CONVERSION = YES;
				CLANG_WARN_COMMA = YES;
				CLANG_WARN_CONSTANT_CONVERSION = YES;
				CLANG_WARN_DIRECT_OBJC_ISA_USAGE = YES_ERROR;
				CLANG_WARN_DOCUMENTATION_COMMENTS = YES;
				CLANG_WARN_EMPTY_BODY = YES;
				CLANG_WARN_ENUM_CONVERSION = YES;
				CLANG_WARN_INFINITE_RECURSION = YES;
				CLANG_WARN_INT_CONVERSION = YES;
				CLANG_WARN_NON_LITERAL_NULL_CONVERSION = YES;
				CLANG_WARN_OBJC_LITERAL_CONVERSION = YES;
				CLANG_WARN_OBJC_ROOT_CLASS = YES_ERROR;
				CLANG_WARN_RANGE_LOOP_ANALYSIS = YES;
				CLANG_WARN_STRICT_PROTOTYPES = YES;
				CLANG_WARN_SUSPICIOUS_MOVE = YES;
				CLANG_WARN_UNGUARDED_AVAILABILITY = YES_AGGRESSIVE;
				CLANG_WARN_UNREACHABLE_CODE = YES;
				CLANG_WARN__DUPLICATE_METHOD_MATCH = YES;
				CODE_SIGN_IDENTITY = "iPhone Developer";
				COPY_PHASE_STRIP = NO;
				DEBUG_INFORMATION_FORMAT = dwarf;
				ENABLE_STRICT_OBJC_MSGSEND = YES;
				ENABLE_TESTABILITY = YES;
				GCC_C_LANGUAGE_STANDARD = gnu11;
				GCC_DYNAMIC_NO_PIC = NO;
				GCC_NO_COMMON_BLOCKS = YES;
				GCC_OPTIMIZATION_LEVEL = 0;
				GCC_PREPROCESSOR_DEFINITIONS = (
					"DEBUG=1",
					"$(inherited)",
				);
				GCC_WARN_64_TO_32_BIT_CONVERSION = YES;
				GCC_WARN_ABOUT_RETURN_TYPE = YES_ERROR;
				GCC_WARN_UNDECLARED_SELECTOR = YES;
				GCC_WARN_UNINITIALIZED_AUTOS = YES_AGGRESSIVE;
				GCC_WARN_UNUSED_FUNCTION = YES;
				GCC_WARN_UNUSED_VARIABLE = YES;
				IPHONEOS_DEPLOYMENT_TARGET = 11.2;
				MTL_ENABLE_DEBUG_INFO = YES;
				ONLY_ACTIVE_ARCH = YES;
				SDKROOT = iphoneos;
				SWIFT_ACTIVE_COMPILATION_CONDITIONS = DEBUG;
				SWIFT_OPTIMIZATION_LEVEL = "-Onone";
			};
			name = Debug;
		};
		7CAC195B2067F21300B38ACE /* Release */ = {
			isa = XCBuildConfiguration;
			buildSettings = {
				ALWAYS_SEARCH_USER_PATHS = NO;
				CLANG_ANALYZER_NONNULL = YES;
				CLANG_ANALYZER_NUMBER_OBJECT_CONVERSION = YES_AGGRESSIVE;
				CLANG_CXX_LANGUAGE_STANDARD = "gnu++14";
				CLANG_CXX_LIBRARY = "libc++";
				CLANG_ENABLE_MODULES = YES;
				CLANG_ENABLE_OBJC_ARC = YES;
				CLANG_WARN_BLOCK_CAPTURE_AUTORELEASING = YES;
				CLANG_WARN_BOOL_CONVERSION = YES;
				CLANG_WARN_COMMA = YES;
				CLANG_WARN_CONSTANT_CONVERSION = YES;
				CLANG_WARN_DIRECT_OBJC_ISA_USAGE = YES_ERROR;
				CLANG_WARN_DOCUMENTATION_COMMENTS = YES;
				CLANG_WARN_EMPTY_BODY = YES;
				CLANG_WARN_ENUM_CONVERSION = YES;
				CLANG_WARN_INFINITE_RECURSION = YES;
				CLANG_WARN_INT_CONVERSION = YES;
				CLANG_WARN_NON_LITERAL_NULL_CONVERSION = YES;
				CLANG_WARN_OBJC_LITERAL_CONVERSION = YES;
				CLANG_WARN_OBJC_ROOT_CLASS = YES_ERROR;
				CLANG_WARN_RANGE_LOOP_ANALYSIS = YES;
				CLANG_WARN_STRICT_PROTOTYPES = YES;
				CLANG_WARN_SUSPICIOUS_MOVE = YES;
				CLANG_WARN_UNGUARDED_AVAILABILITY = YES_AGGRESSIVE;
				CLANG_WARN_UNREACHABLE_CODE = YES;
				CLANG_WARN__DUPLICATE_METHOD_MATCH = YES;
				CODE_SIGN_IDENTITY = "iPhone Developer";
				COPY_PHASE_STRIP = NO;
				DEBUG_INFORMATION_FORMAT = "dwarf-with-dsym";
				ENABLE_NS_ASSERTIONS = NO;
				ENABLE_STRICT_OBJC_MSGSEND = YES;
				GCC_C_LANGUAGE_STANDARD = gnu11;
				GCC_NO_COMMON_BLOCKS = YES;
				GCC_WARN_64_TO_32_BIT_CONVERSION = YES;
				GCC_WARN_ABOUT_RETURN_TYPE = YES_ERROR;
				GCC_WARN_UNDECLARED_SELECTOR = YES;
				GCC_WARN_UNINITIALIZED_AUTOS = YES_AGGRESSIVE;
				GCC_WARN_UNUSED_FUNCTION = YES;
				GCC_WARN_UNUSED_VARIABLE = YES;
				IPHONEOS_DEPLOYMENT_TARGET = 11.2;
				MTL_ENABLE_DEBUG_INFO = NO;
				SDKROOT = iphoneos;
				SWIFT_OPTIMIZATION_LEVEL = "-Owholemodule";
				VALIDATE_PRODUCT = YES;
			};
			name = Release;
		};
		7CAC195D2067F21300B38ACE /* Debug */ = {
			isa = XCBuildConfiguration;
			baseConfigurationReference = 18F1145C330130CD3A0C795C /* Pods-OutSideInsidePushNotifications.debug.xcconfig */;
			buildSettings = {
				ALWAYS_EMBED_SWIFT_STANDARD_LIBRARIES = YES;
				ASSETCATALOG_COMPILER_APPICON_NAME = AppIcon;
				CLANG_ENABLE_MODULES = YES;
				CODE_SIGN_ENTITLEMENTS = "";
				CODE_SIGN_STYLE = Manual;
				DEVELOPMENT_TEAM = 33NC89QWWR;
				INFOPLIST_FILE = "$(SRCROOT)/OutSideInsidePushNotifications/Common/Info.plist";
				LD_RUNPATH_SEARCH_PATHS = "$(inherited) @executable_path/Frameworks";
				PRODUCT_BUNDLE_IDENTIFIER = com.blvvvck.PushNotification;
				PRODUCT_NAME = "$(TARGET_NAME)";
				PROVISIONING_PROFILE = "726a5f86-355f-4d5b-aed7-5f90b7fb146e";
				PROVISIONING_PROFILE_SPECIFIER = PushNotificationHW;
				SWIFT_OBJC_BRIDGING_HEADER = "OutSideInsidePushNotifications/OutSideInsidePushNotifications-Bridging-Header.h";
				SWIFT_OPTIMIZATION_LEVEL = "-Onone";
				SWIFT_VERSION = 4.0;
				TARGETED_DEVICE_FAMILY = "1,2";
			};
			name = Debug;
		};
		7CAC195E2067F21300B38ACE /* Release */ = {
			isa = XCBuildConfiguration;
			baseConfigurationReference = 43C36E5DF23136863F490B8C /* Pods-OutSideInsidePushNotifications.release.xcconfig */;
			buildSettings = {
				ALWAYS_EMBED_SWIFT_STANDARD_LIBRARIES = YES;
				ASSETCATALOG_COMPILER_APPICON_NAME = AppIcon;
				CLANG_ENABLE_MODULES = YES;
				CODE_SIGN_ENTITLEMENTS = "";
				CODE_SIGN_STYLE = Manual;
				DEVELOPMENT_TEAM = 33NC89QWWR;
				INFOPLIST_FILE = "$(SRCROOT)/OutSideInsidePushNotifications/Common/Info.plist";
				LD_RUNPATH_SEARCH_PATHS = "$(inherited) @executable_path/Frameworks";
				PRODUCT_BUNDLE_IDENTIFIER = com.blvvvck.PushNotification;
				PRODUCT_NAME = "$(TARGET_NAME)";
				PROVISIONING_PROFILE = "a135e93a-15fe-4f7f-812e-0d6053c8c078";
				PROVISIONING_PROFILE_SPECIFIER = PushNotificationHW;
				SWIFT_OBJC_BRIDGING_HEADER = "OutSideInsidePushNotifications/OutSideInsidePushNotifications-Bridging-Header.h";
				SWIFT_VERSION = 4.0;
				TARGETED_DEVICE_FAMILY = "1,2";
			};
			name = Release;
		};
		95E2B7272069122600EA2CD2 /* Debug */ = {
			isa = XCBuildConfiguration;
			baseConfigurationReference = 7EB41D2C4A36B63F8ACF9FFF /* Pods-NotificationService.debug.xcconfig */;
			buildSettings = {
				CODE_SIGN_STYLE = Automatic;
				DEVELOPMENT_TEAM = 33NC89QWWR;
				INFOPLIST_FILE = NotificationService/Info.plist;
				LD_RUNPATH_SEARCH_PATHS = "$(inherited) @executable_path/Frameworks @executable_path/../../Frameworks";
				PRODUCT_BUNDLE_IDENTIFIER = com.blvvvck.PushNotification.NotificationService;
				PRODUCT_NAME = "$(TARGET_NAME)";
				SKIP_INSTALL = YES;
				SWIFT_VERSION = 4.0;
				TARGETED_DEVICE_FAMILY = "1,2";
			};
			name = Debug;
		};
		95E2B7282069122600EA2CD2 /* Release */ = {
			isa = XCBuildConfiguration;
			baseConfigurationReference = 79D4FF199FA4E3362E9BE30D /* Pods-NotificationService.release.xcconfig */;
			buildSettings = {
				CODE_SIGN_STYLE = Automatic;
				DEVELOPMENT_TEAM = 33NC89QWWR;
				INFOPLIST_FILE = NotificationService/Info.plist;
				LD_RUNPATH_SEARCH_PATHS = "$(inherited) @executable_path/Frameworks @executable_path/../../Frameworks";
				PRODUCT_BUNDLE_IDENTIFIER = com.blvvvck.PushNotification.NotificationService;
				PRODUCT_NAME = "$(TARGET_NAME)";
				SKIP_INSTALL = YES;
				SWIFT_VERSION = 4.0;
				TARGETED_DEVICE_FAMILY = "1,2";
			};
			name = Release;
		};
/* End XCBuildConfiguration section */

/* Begin XCConfigurationList section */
		7CAC19452067F21300B38ACE /* Build configuration list for PBXProject "OutSideInsidePushNotifications" */ = {
			isa = XCConfigurationList;
			buildConfigurations = (
				7CAC195A2067F21300B38ACE /* Debug */,
				7CAC195B2067F21300B38ACE /* Release */,
			);
			defaultConfigurationIsVisible = 0;
			defaultConfigurationName = Release;
		};
		7CAC195C2067F21300B38ACE /* Build configuration list for PBXNativeTarget "OutSideInsidePushNotifications" */ = {
			isa = XCConfigurationList;
			buildConfigurations = (
				7CAC195D2067F21300B38ACE /* Debug */,
				7CAC195E2067F21300B38ACE /* Release */,
			);
			defaultConfigurationIsVisible = 0;
			defaultConfigurationName = Release;
		};
		95E2B7292069122600EA2CD2 /* Build configuration list for PBXNativeTarget "NotificationService" */ = {
			isa = XCConfigurationList;
			buildConfigurations = (
				95E2B7272069122600EA2CD2 /* Debug */,
				95E2B7282069122600EA2CD2 /* Release */,
			);
			defaultConfigurationIsVisible = 0;
			defaultConfigurationName = Release;
		};
/* End XCConfigurationList section */
	};
	rootObject = 7CAC19422067F21300B38ACE /* Project object */;
}
